// !$*UTF8*$!
{
	archiveVersion = 1;
	classes = {
	};
	objectVersion = 50;
	objects = {

/* Begin PBXBuildFile section */
		A137C84324C4E54D00B5A081 /* RecordDetailsEdit.swift in Sources */ = {isa = PBXBuildFile; fileRef = A137C84224C4E54D00B5A081 /* RecordDetailsEdit.swift */; };
		A137C84524C4EEA900B5A081 /* MultiLineTF.swift in Sources */ = {isa = PBXBuildFile; fileRef = A137C84424C4EEA900B5A081 /* MultiLineTF.swift */; };
		A1B3F86724C8885E00A30DF3 /* TimerDetails.swift in Sources */ = {isa = PBXBuildFile; fileRef = A1B3F86624C8885E00A30DF3 /* TimerDetails.swift */; };
		A1B3F86924C8898000A30DF3 /* TimerDetailsEdit.swift in Sources */ = {isa = PBXBuildFile; fileRef = A1B3F86824C8898000A30DF3 /* TimerDetailsEdit.swift */; };
		A1BD28BE249EB20F0047569E /* AppDelegate.swift in Sources */ = {isa = PBXBuildFile; fileRef = A1BD28BD249EB20F0047569E /* AppDelegate.swift */; };
		A1BD28C0249EB20F0047569E /* SceneDelegate.swift in Sources */ = {isa = PBXBuildFile; fileRef = A1BD28BF249EB20F0047569E /* SceneDelegate.swift */; };
		A1BD28C2249EB20F0047569E /* ContentView.swift in Sources */ = {isa = PBXBuildFile; fileRef = A1BD28C1249EB20F0047569E /* ContentView.swift */; };
		A1BD28C4249EB2100047569E /* Assets.xcassets in Resources */ = {isa = PBXBuildFile; fileRef = A1BD28C3249EB2100047569E /* Assets.xcassets */; };
		A1BD28C7249EB2100047569E /* Preview Assets.xcassets in Resources */ = {isa = PBXBuildFile; fileRef = A1BD28C6249EB2100047569E /* Preview Assets.xcassets */; };
		A1BD28CA249EB2100047569E /* LaunchScreen.storyboard in Resources */ = {isa = PBXBuildFile; fileRef = A1BD28C8249EB2100047569E /* LaunchScreen.storyboard */; };
		A1BD28D4249ED35F0047569E /* StandartTimer.swift in Sources */ = {isa = PBXBuildFile; fileRef = A1BD28D3249ED35F0047569E /* StandartTimer.swift */; };
		A1BD28D824A0DE790047569E /* TimerManager.swift in Sources */ = {isa = PBXBuildFile; fileRef = A1BD28D724A0DE790047569E /* TimerManager.swift */; };
		A1BD28DA24A0F6CC0047569E /* Helper.swift in Sources */ = {isa = PBXBuildFile; fileRef = A1BD28D924A0F6CC0047569E /* Helper.swift */; };
		A1BD28DC24A2C1D90047569E /* StandartStopwatch.swift in Sources */ = {isa = PBXBuildFile; fileRef = A1BD28DB24A2C1D90047569E /* StandartStopwatch.swift */; };
		A1BD28DE24A2C2930047569E /* StopwatchManager.swift in Sources */ = {isa = PBXBuildFile; fileRef = A1BD28DD24A2C2930047569E /* StopwatchManager.swift */; };
		A1BD28E024A4B6DA0047569E /* IntervalTimerSet.swift in Sources */ = {isa = PBXBuildFile; fileRef = A1BD28DF24A4B6DA0047569E /* IntervalTimerSet.swift */; };
		A1BD28E224A4BA4C0047569E /* IntervalTimerManager.swift in Sources */ = {isa = PBXBuildFile; fileRef = A1BD28E124A4BA4C0047569E /* IntervalTimerManager.swift */; };
		A1BD28E424A5F6250047569E /* CurrentUserProfile.swift in Sources */ = {isa = PBXBuildFile; fileRef = A1BD28E324A5F6250047569E /* CurrentUserProfile.swift */; };
		A1BD28E624A7DCF10047569E /* IntervalTimer.swift in Sources */ = {isa = PBXBuildFile; fileRef = A1BD28E524A7DCF10047569E /* IntervalTimer.swift */; };
		A1BD28E824AA188D0047569E /* AdvancedTimer.swift in Sources */ = {isa = PBXBuildFile; fileRef = A1BD28E724AA188D0047569E /* AdvancedTimer.swift */; };
		A1BD28EA24AA192F0047569E /* AdvancedTimerManager.swift in Sources */ = {isa = PBXBuildFile; fileRef = A1BD28E924AA192F0047569E /* AdvancedTimerManager.swift */; };
		A1BD28EC24AB43A90047569E /* Records.swift in Sources */ = {isa = PBXBuildFile; fileRef = A1BD28EB24AB43A90047569E /* Records.swift */; };
		A1BD28EE24AB44790047569E /* SavedTimers.swift in Sources */ = {isa = PBXBuildFile; fileRef = A1BD28ED24AB44790047569E /* SavedTimers.swift */; };
		A1BD28F024AC05850047569E /* SaveRecordDialog.swift in Sources */ = {isa = PBXBuildFile; fileRef = A1BD28EF24AC05850047569E /* SaveRecordDialog.swift */; };
		A1FF5FE324B28D770011317C /* UserSettings.swift in Sources */ = {isa = PBXBuildFile; fileRef = A1FF5FE224B28D770011317C /* UserSettings.swift */; };
		A1FF5FE524B5E9890011317C /* RecordDetails.swift in Sources */ = {isa = PBXBuildFile; fileRef = A1FF5FE424B5E9890011317C /* RecordDetails.swift */; };
/* End PBXBuildFile section */

/* Begin PBXFileReference section */
		A137C84224C4E54D00B5A081 /* RecordDetailsEdit.swift */ = {isa = PBXFileReference; lastKnownFileType = sourcecode.swift; path = RecordDetailsEdit.swift; sourceTree = "<group>"; };
		A137C84424C4EEA900B5A081 /* MultiLineTF.swift */ = {isa = PBXFileReference; lastKnownFileType = sourcecode.swift; path = MultiLineTF.swift; sourceTree = "<group>"; };
		A1B3F86624C8885E00A30DF3 /* TimerDetails.swift */ = {isa = PBXFileReference; lastKnownFileType = sourcecode.swift; path = TimerDetails.swift; sourceTree = "<group>"; };
		A1B3F86824C8898000A30DF3 /* TimerDetailsEdit.swift */ = {isa = PBXFileReference; lastKnownFileType = sourcecode.swift; path = TimerDetailsEdit.swift; sourceTree = "<group>"; };
		A1BD28BA249EB20F0047569E /* SuperTimer2020.app */ = {isa = PBXFileReference; explicitFileType = wrapper.application; includeInIndex = 0; path = SuperTimer2020.app; sourceTree = BUILT_PRODUCTS_DIR; };
		A1BD28BD249EB20F0047569E /* AppDelegate.swift */ = {isa = PBXFileReference; lastKnownFileType = sourcecode.swift; path = AppDelegate.swift; sourceTree = "<group>"; };
		A1BD28BF249EB20F0047569E /* SceneDelegate.swift */ = {isa = PBXFileReference; lastKnownFileType = sourcecode.swift; path = SceneDelegate.swift; sourceTree = "<group>"; };
		A1BD28C1249EB20F0047569E /* ContentView.swift */ = {isa = PBXFileReference; lastKnownFileType = sourcecode.swift; path = ContentView.swift; sourceTree = "<group>"; };
		A1BD28C3249EB2100047569E /* Assets.xcassets */ = {isa = PBXFileReference; lastKnownFileType = folder.assetcatalog; path = Assets.xcassets; sourceTree = "<group>"; };
		A1BD28C6249EB2100047569E /* Preview Assets.xcassets */ = {isa = PBXFileReference; lastKnownFileType = folder.assetcatalog; path = "Preview Assets.xcassets"; sourceTree = "<group>"; };
		A1BD28C9249EB2100047569E /* Base */ = {isa = PBXFileReference; lastKnownFileType = file.storyboard; name = Base; path = Base.lproj/LaunchScreen.storyboard; sourceTree = "<group>"; };
		A1BD28CB249EB2100047569E /* Info.plist */ = {isa = PBXFileReference; lastKnownFileType = text.plist.xml; path = Info.plist; sourceTree = "<group>"; };
		A1BD28D3249ED35F0047569E /* StandartTimer.swift */ = {isa = PBXFileReference; lastKnownFileType = sourcecode.swift; path = StandartTimer.swift; sourceTree = "<group>"; };
		A1BD28D724A0DE790047569E /* TimerManager.swift */ = {isa = PBXFileReference; lastKnownFileType = sourcecode.swift; path = TimerManager.swift; sourceTree = "<group>"; };
		A1BD28D924A0F6CC0047569E /* Helper.swift */ = {isa = PBXFileReference; lastKnownFileType = sourcecode.swift; path = Helper.swift; sourceTree = "<group>"; };
		A1BD28DB24A2C1D90047569E /* StandartStopwatch.swift */ = {isa = PBXFileReference; lastKnownFileType = sourcecode.swift; path = StandartStopwatch.swift; sourceTree = "<group>"; };
		A1BD28DD24A2C2930047569E /* StopwatchManager.swift */ = {isa = PBXFileReference; lastKnownFileType = sourcecode.swift; path = StopwatchManager.swift; sourceTree = "<group>"; };
		A1BD28DF24A4B6DA0047569E /* IntervalTimerSet.swift */ = {isa = PBXFileReference; lastKnownFileType = sourcecode.swift; path = IntervalTimerSet.swift; sourceTree = "<group>"; };
		A1BD28E124A4BA4C0047569E /* IntervalTimerManager.swift */ = {isa = PBXFileReference; lastKnownFileType = sourcecode.swift; path = IntervalTimerManager.swift; sourceTree = "<group>"; };
		A1BD28E324A5F6250047569E /* CurrentUserProfile.swift */ = {isa = PBXFileReference; lastKnownFileType = sourcecode.swift; path = CurrentUserProfile.swift; sourceTree = "<group>"; };
		A1BD28E524A7DCF10047569E /* IntervalTimer.swift */ = {isa = PBXFileReference; lastKnownFileType = sourcecode.swift; path = IntervalTimer.swift; sourceTree = "<group>"; };
		A1BD28E724AA188D0047569E /* AdvancedTimer.swift */ = {isa = PBXFileReference; lastKnownFileType = sourcecode.swift; path = AdvancedTimer.swift; sourceTree = "<group>"; };
		A1BD28E924AA192F0047569E /* AdvancedTimerManager.swift */ = {isa = PBXFileReference; lastKnownFileType = sourcecode.swift; path = AdvancedTimerManager.swift; sourceTree = "<group>"; };
		A1BD28EB24AB43A90047569E /* Records.swift */ = {isa = PBXFileReference; lastKnownFileType = sourcecode.swift; path = Records.swift; sourceTree = "<group>"; };
		A1BD28ED24AB44790047569E /* SavedTimers.swift */ = {isa = PBXFileReference; lastKnownFileType = sourcecode.swift; path = SavedTimers.swift; sourceTree = "<group>"; };
		A1BD28EF24AC05850047569E /* SaveRecordDialog.swift */ = {isa = PBXFileReference; lastKnownFileType = sourcecode.swift; path = SaveRecordDialog.swift; sourceTree = "<group>"; };
		A1FF5FE224B28D770011317C /* UserSettings.swift */ = {isa = PBXFileReference; lastKnownFileType = sourcecode.swift; path = UserSettings.swift; sourceTree = "<group>"; };
		A1FF5FE424B5E9890011317C /* RecordDetails.swift */ = {isa = PBXFileReference; lastKnownFileType = sourcecode.swift; path = RecordDetails.swift; sourceTree = "<group>"; };
/* End PBXFileReference section */

/* Begin PBXFrameworksBuildPhase section */
		A1BD28B7249EB20F0047569E /* Frameworks */ = {
			isa = PBXFrameworksBuildPhase;
			buildActionMask = 2147483647;
			files = (
			);
			runOnlyForDeploymentPostprocessing = 0;
		};
/* End PBXFrameworksBuildPhase section */

/* Begin PBXGroup section */
		A1BD28B1249EB20F0047569E = {
			isa = PBXGroup;
			children = (
				A1BD28BC249EB20F0047569E /* SuperTimer2020 */,
				A1BD28BB249EB20F0047569E /* Products */,
			);
			sourceTree = "<group>";
		};
		A1BD28BB249EB20F0047569E /* Products */ = {
			isa = PBXGroup;
			children = (
				A1BD28BA249EB20F0047569E /* SuperTimer2020.app */,
			);
			name = Products;
			sourceTree = "<group>";
		};
		A1BD28BC249EB20F0047569E /* SuperTimer2020 */ = {
			isa = PBXGroup;
			children = (
				A1BD28BD249EB20F0047569E /* AppDelegate.swift */,
				A1BD28BF249EB20F0047569E /* SceneDelegate.swift */,
				A1BD28DF24A4B6DA0047569E /* IntervalTimerSet.swift */,
				A1BD28EF24AC05850047569E /* SaveRecordDialog.swift */,
				A137C84424C4EEA900B5A081 /* MultiLineTF.swift */,
				A1BD28E524A7DCF10047569E /* IntervalTimer.swift */,
				A1BD28C1249EB20F0047569E /* ContentView.swift */,
				A1BD28EB24AB43A90047569E /* Records.swift */,
				A1FF5FE424B5E9890011317C /* RecordDetails.swift */,
				A137C84224C4E54D00B5A081 /* RecordDetailsEdit.swift */,
				A1B3F86824C8898000A30DF3 /* TimerDetailsEdit.swift */,
				A1B3F86624C8885E00A30DF3 /* TimerDetails.swift */,
				A1BD28ED24AB44790047569E /* SavedTimers.swift */,
				A1BD28E324A5F6250047569E /* CurrentUserProfile.swift */,
				A1BD28D3249ED35F0047569E /* StandartTimer.swift */,
				A1BD28E724AA188D0047569E /* AdvancedTimer.swift */,
				A1BD28DB24A2C1D90047569E /* StandartStopwatch.swift */,
				A1FF5FE224B28D770011317C /* UserSettings.swift */,
				A1BD28D924A0F6CC0047569E /* Helper.swift */,
				A1BD28D724A0DE790047569E /* TimerManager.swift */,
				A1BD28E924AA192F0047569E /* AdvancedTimerManager.swift */,
				A1BD28E124A4BA4C0047569E /* IntervalTimerManager.swift */,
				A1BD28DD24A2C2930047569E /* StopwatchManager.swift */,
				A1BD28C3249EB2100047569E /* Assets.xcassets */,
				A1BD28C8249EB2100047569E /* LaunchScreen.storyboard */,
				A1BD28CB249EB2100047569E /* Info.plist */,
				A1BD28C5249EB2100047569E /* Preview Content */,
			);
			path = SuperTimer2020;
			sourceTree = "<group>";
		};
		A1BD28C5249EB2100047569E /* Preview Content */ = {
			isa = PBXGroup;
			children = (
				A1BD28C6249EB2100047569E /* Preview Assets.xcassets */,
			);
			path = "Preview Content";
			sourceTree = "<group>";
		};
/* End PBXGroup section */

/* Begin PBXNativeTarget section */
		A1BD28B9249EB20F0047569E /* SuperTimer2020 */ = {
			isa = PBXNativeTarget;
			buildConfigurationList = A1BD28CE249EB2100047569E /* Build configuration list for PBXNativeTarget "SuperTimer2020" */;
			buildPhases = (
				A1BD28B6249EB20F0047569E /* Sources */,
				A1BD28B7249EB20F0047569E /* Frameworks */,
				A1BD28B8249EB20F0047569E /* Resources */,
			);
			buildRules = (
			);
			dependencies = (
			);
			name = SuperTimer2020;
			productName = SuperTimer2020;
			productReference = A1BD28BA249EB20F0047569E /* SuperTimer2020.app */;
			productType = "com.apple.product-type.application";
		};
/* End PBXNativeTarget section */

/* Begin PBXProject section */
		A1BD28B2249EB20F0047569E /* Project object */ = {
			isa = PBXProject;
			attributes = {
				LastSwiftUpdateCheck = 1150;
				LastUpgradeCheck = 1150;
				ORGANIZATIONNAME = "Ryan S.Kennedy";
				TargetAttributes = {
					A1BD28B9249EB20F0047569E = {
						CreatedOnToolsVersion = 11.5;
					};
				};
			};
			buildConfigurationList = A1BD28B5249EB20F0047569E /* Build configuration list for PBXProject "SuperTimer2020" */;
			compatibilityVersion = "Xcode 9.3";
			developmentRegion = en;
			hasScannedForEncodings = 0;
			knownRegions = (
				en,
				Base,
			);
			mainGroup = A1BD28B1249EB20F0047569E;
			productRefGroup = A1BD28BB249EB20F0047569E /* Products */;
			projectDirPath = "";
			projectRoot = "";
			targets = (
				A1BD28B9249EB20F0047569E /* SuperTimer2020 */,
			);
		};
/* End PBXProject section */

/* Begin PBXResourcesBuildPhase section */
		A1BD28B8249EB20F0047569E /* Resources */ = {
			isa = PBXResourcesBuildPhase;
			buildActionMask = 2147483647;
			files = (
				A1BD28CA249EB2100047569E /* LaunchScreen.storyboard in Resources */,
				A1BD28C7249EB2100047569E /* Preview Assets.xcassets in Resources */,
				A1BD28C4249EB2100047569E /* Assets.xcassets in Resources */,
			);
			runOnlyForDeploymentPostprocessing = 0;
		};
/* End PBXResourcesBuildPhase section */

/* Begin PBXSourcesBuildPhase section */
		A1BD28B6249EB20F0047569E /* Sources */ = {
			isa = PBXSourcesBuildPhase;
			buildActionMask = 2147483647;
			files = (
				A1FF5FE524B5E9890011317C /* RecordDetails.swift in Sources */,
				A1BD28DC24A2C1D90047569E /* StandartStopwatch.swift in Sources */,
				A1BD28BE249EB20F0047569E /* AppDelegate.swift in Sources */,
				A1BD28DE24A2C2930047569E /* StopwatchManager.swift in Sources */,
				A137C84524C4EEA900B5A081 /* MultiLineTF.swift in Sources */,
				A1BD28EE24AB44790047569E /* SavedTimers.swift in Sources */,
				A137C84324C4E54D00B5A081 /* RecordDetailsEdit.swift in Sources */,
				A1BD28EC24AB43A90047569E /* Records.swift in Sources */,
				A1BD28EA24AA192F0047569E /* AdvancedTimerManager.swift in Sources */,
				A1BD28DA24A0F6CC0047569E /* Helper.swift in Sources */,
				A1BD28D4249ED35F0047569E /* StandartTimer.swift in Sources */,
				A1BD28C0249EB20F0047569E /* SceneDelegate.swift in Sources */,
				A1B3F86924C8898000A30DF3 /* TimerDetailsEdit.swift in Sources */,
				A1BD28E424A5F6250047569E /* CurrentUserProfile.swift in Sources */,
				A1BD28E224A4BA4C0047569E /* IntervalTimerManager.swift in Sources */,
				A1BD28E624A7DCF10047569E /* IntervalTimer.swift in Sources */,
				A1BD28E024A4B6DA0047569E /* IntervalTimerSet.swift in Sources */,
				A1FF5FE324B28D770011317C /* UserSettings.swift in Sources */,
				A1BD28D824A0DE790047569E /* TimerManager.swift in Sources */,
				A1B3F86724C8885E00A30DF3 /* TimerDetails.swift in Sources */,
				A1BD28E824AA188D0047569E /* AdvancedTimer.swift in Sources */,
				A1BD28F024AC05850047569E /* SaveRecordDialog.swift in Sources */,
				A1BD28C2249EB20F0047569E /* ContentView.swift in Sources */,
			);
			runOnlyForDeploymentPostprocessing = 0;
		};
/* End PBXSourcesBuildPhase section */

/* Begin PBXVariantGroup section */
		A1BD28C8249EB2100047569E /* LaunchScreen.storyboard */ = {
			isa = PBXVariantGroup;
			children = (
				A1BD28C9249EB2100047569E /* Base */,
			);
			name = LaunchScreen.storyboard;
			sourceTree = "<group>";
		};
/* End PBXVariantGroup section */

/* Begin XCBuildConfiguration section */
		A1BD28CC249EB2100047569E /* Debug */ = {
			isa = XCBuildConfiguration;
			buildSettings = {
				ALWAYS_SEARCH_USER_PATHS = NO;
				CLANG_ANALYZER_NONNULL = YES;
				CLANG_ANALYZER_NUMBER_OBJECT_CONVERSION = YES_AGGRESSIVE;
				CLANG_CXX_LANGUAGE_STANDARD = "gnu++14";
				CLANG_CXX_LIBRARY = "libc++";
				CLANG_ENABLE_MODULES = YES;
				CLANG_ENABLE_OBJC_ARC = YES;
				CLANG_ENABLE_OBJC_WEAK = YES;
				CLANG_WARN_BLOCK_CAPTURE_AUTORELEASING = YES;
				CLANG_WARN_BOOL_CONVERSION = YES;
				CLANG_WARN_COMMA = YES;
				CLANG_WARN_CONSTANT_CONVERSION = YES;
				CLANG_WARN_DEPRECATED_OBJC_IMPLEMENTATIONS = YES;
				CLANG_WARN_DIRECT_OBJC_ISA_USAGE = YES_ERROR;
				CLANG_WARN_DOCUMENTATION_COMMENTS = YES;
				CLANG_WARN_EMPTY_BODY = YES;
				CLANG_WARN_ENUM_CONVERSION = YES;
				CLANG_WARN_INFINITE_RECURSION = YES;
				CLANG_WARN_INT_CONVERSION = YES;
				CLANG_WARN_NON_LITERAL_NULL_CONVERSION = YES;
				CLANG_WARN_OBJC_IMPLICIT_RETAIN_SELF = YES;
				CLANG_WARN_OBJC_LITERAL_CONVERSION = YES;
				CLANG_WARN_OBJC_ROOT_CLASS = YES_ERROR;
				CLANG_WARN_RANGE_LOOP_ANALYSIS = YES;
				CLANG_WARN_STRICT_PROTOTYPES = YES;
				CLANG_WARN_SUSPICIOUS_MOVE = YES;
				CLANG_WARN_UNGUARDED_AVAILABILITY = YES_AGGRESSIVE;
				CLANG_WARN_UNREACHABLE_CODE = YES;
				CLANG_WARN__DUPLICATE_METHOD_MATCH = YES;
				COPY_PHASE_STRIP = NO;
				DEBUG_INFORMATION_FORMAT = dwarf;
				ENABLE_STRICT_OBJC_MSGSEND = YES;
				ENABLE_TESTABILITY = YES;
				GCC_C_LANGUAGE_STANDARD = gnu11;
				GCC_DYNAMIC_NO_PIC = NO;
				GCC_NO_COMMON_BLOCKS = YES;
				GCC_OPTIMIZATION_LEVEL = 0;
				GCC_PREPROCESSOR_DEFINITIONS = (
					"DEBUG=1",
					"$(inherited)",
				);
				GCC_WARN_64_TO_32_BIT_CONVERSION = YES;
				GCC_WARN_ABOUT_RETURN_TYPE = YES_ERROR;
				GCC_WARN_UNDECLARED_SELECTOR = YES;
				GCC_WARN_UNINITIALIZED_AUTOS = YES_AGGRESSIVE;
				GCC_WARN_UNUSED_FUNCTION = YES;
				GCC_WARN_UNUSED_VARIABLE = YES;
				IPHONEOS_DEPLOYMENT_TARGET = 13.5;
				MTL_ENABLE_DEBUG_INFO = INCLUDE_SOURCE;
				MTL_FAST_MATH = YES;
				ONLY_ACTIVE_ARCH = YES;
				SDKROOT = iphoneos;
				SWIFT_ACTIVE_COMPILATION_CONDITIONS = DEBUG;
				SWIFT_OPTIMIZATION_LEVEL = "-Onone";
			};
			name = Debug;
		};
		A1BD28CD249EB2100047569E /* Release */ = {
			isa = XCBuildConfiguration;
			buildSettings = {
				ALWAYS_SEARCH_USER_PATHS = NO;
				CLANG_ANALYZER_NONNULL = YES;
				CLANG_ANALYZER_NUMBER_OBJECT_CONVERSION = YES_AGGRESSIVE;
				CLANG_CXX_LANGUAGE_STANDARD = "gnu++14";
				CLANG_CXX_LIBRARY = "libc++";
				CLANG_ENABLE_MODULES = YES;
				CLANG_ENABLE_OBJC_ARC = YES;
				CLANG_ENABLE_OBJC_WEAK = YES;
				CLANG_WARN_BLOCK_CAPTURE_AUTORELEASING = YES;
				CLANG_WARN_BOOL_CONVERSION = YES;
				CLANG_WARN_COMMA = YES;
				CLANG_WARN_CONSTANT_CONVERSION = YES;
				CLANG_WARN_DEPRECATED_OBJC_IMPLEMENTATIONS = YES;
				CLANG_WARN_DIRECT_OBJC_ISA_USAGE = YES_ERROR;
				CLANG_WARN_DOCUMENTATION_COMMENTS = YES;
				CLANG_WARN_EMPTY_BODY = YES;
				CLANG_WARN_ENUM_CONVERSION = YES;
				CLANG_WARN_INFINITE_RECURSION = YES;
				CLANG_WARN_INT_CONVERSION = YES;
				CLANG_WARN_NON_LITERAL_NULL_CONVERSION = YES;
				CLANG_WARN_OBJC_IMPLICIT_RETAIN_SELF = YES;
				CLANG_WARN_OBJC_LITERAL_CONVERSION = YES;
				CLANG_WARN_OBJC_ROOT_CLASS = YES_ERROR;
				CLANG_WARN_RANGE_LOOP_ANALYSIS = YES;
				CLANG_WARN_STRICT_PROTOTYPES = YES;
				CLANG_WARN_SUSPICIOUS_MOVE = YES;
				CLANG_WARN_UNGUARDED_AVAILABILITY = YES_AGGRESSIVE;
				CLANG_WARN_UNREACHABLE_CODE = YES;
				CLANG_WARN__DUPLICATE_METHOD_MATCH = YES;
				COPY_PHASE_STRIP = NO;
				DEBUG_INFORMATION_FORMAT = "dwarf-with-dsym";
				ENABLE_NS_ASSERTIONS = NO;
				ENABLE_STRICT_OBJC_MSGSEND = YES;
				GCC_C_LANGUAGE_STANDARD = gnu11;
				GCC_NO_COMMON_BLOCKS = YES;
				GCC_WARN_64_TO_32_BIT_CONVERSION = YES;
				GCC_WARN_ABOUT_RETURN_TYPE = YES_ERROR;
				GCC_WARN_UNDECLARED_SELECTOR = YES;
				GCC_WARN_UNINITIALIZED_AUTOS = YES_AGGRESSIVE;
				GCC_WARN_UNUSED_FUNCTION = YES;
				GCC_WARN_UNUSED_VARIABLE = YES;
				IPHONEOS_DEPLOYMENT_TARGET = 13.5;
				MTL_ENABLE_DEBUG_INFO = NO;
				MTL_FAST_MATH = YES;
				SDKROOT = iphoneos;
				SWIFT_COMPILATION_MODE = wholemodule;
				SWIFT_OPTIMIZATION_LEVEL = "-O";
				VALIDATE_PRODUCT = YES;
			};
			name = Release;
		};
		A1BD28CF249EB2100047569E /* Debug */ = {
			isa = XCBuildConfiguration;
			buildSettings = {
				ASSETCATALOG_COMPILER_APPICON_NAME = AppIcon;
				CODE_SIGN_STYLE = Automatic;
				DEVELOPMENT_ASSET_PATHS = "\"SuperTimer2020/Preview Content\"";
				ENABLE_PREVIEWS = YES;
				INFOPLIST_FILE = SuperTimer2020/Info.plist;
				LD_RUNPATH_SEARCH_PATHS = (
					"$(inherited)",
					"@executable_path/Frameworks",
				);
				PRODUCT_BUNDLE_IDENTIFIER = "RSK-inc.SuperTimer2020";
				PRODUCT_NAME = "$(TARGET_NAME)";
				SWIFT_VERSION = 5.0;
				TARGETED_DEVICE_FAMILY = "1,2";
			};
			name = Debug;
		};
		A1BD28D0249EB2100047569E /* Release */ = {
			isa = XCBuildConfiguration;
			buildSettings = {
				ASSETCATALOG_COMPILER_APPICON_NAME = AppIcon;
				CODE_SIGN_STYLE = Automatic;
				DEVELOPMENT_ASSET_PATHS = "\"SuperTimer2020/Preview Content\"";
				ENABLE_PREVIEWS = YES;
				INFOPLIST_FILE = SuperTimer2020/Info.plist;
				LD_RUNPATH_SEARCH_PATHS = (
					"$(inherited)",
					"@executable_path/Frameworks",
				);
				PRODUCT_BUNDLE_IDENTIFIER = "RSK-inc.SuperTimer2020";
				PRODUCT_NAME = "$(TARGET_NAME)";
				SWIFT_VERSION = 5.0;
				TARGETED_DEVICE_FAMILY = "1,2";
			};
			name = Release;
		};
/* End XCBuildConfiguration section */

/* Begin XCConfigurationList section */
		A1BD28B5249EB20F0047569E /* Build configuration list for PBXProject "SuperTimer2020" */ = {
			isa = XCConfigurationList;
			buildConfigurations = (
				A1BD28CC249EB2100047569E /* Debug */,
				A1BD28CD249EB2100047569E /* Release */,
			);
			defaultConfigurationIsVisible = 0;
			defaultConfigurationName = Release;
		};
		A1BD28CE249EB2100047569E /* Build configuration list for PBXNativeTarget "SuperTimer2020" */ = {
			isa = XCConfigurationList;
			buildConfigurations = (
				A1BD28CF249EB2100047569E /* Debug */,
				A1BD28D0249EB2100047569E /* Release */,
			);
			defaultConfigurationIsVisible = 0;
			defaultConfigurationName = Release;
		};
/* End XCConfigurationList section */
	};
	rootObject = A1BD28B2249EB20F0047569E /* Project object */;
}
